
Microsoft Visual Studio Solution File, Format Version 12.00
# Visual Studio Version 17
VisualStudioVersion = 17.6.33815.320
MinimumVisualStudioVersion = 10.0.40219.1
Project("{FAE04EC0-301F-11D3-BF4B-00C04F79EFBC}") = "ModelORM", "ModelORM.csproj", "{16461A87-43D2-44D3-8A21-0DC2AD126866}"
EndProject
Global
	GlobalSection(SolutionConfigurationPlatforms) = preSolution
		Debug|Any CPU = Debug|Any CPU
		Release|Any CPU = Release|Any CPU
	EndGlobalSection
	GlobalSection(ProjectConfigurationPlatforms) = postSolution
		{16461A87-43D2-44D3-8A21-0DC2AD126866}.Debug|Any CPU.ActiveCfg = Debug|Any CPU
		{16461A87-43D2-44D3-8A21-0DC2AD126866}.Debug|Any CPU.Build.0 = Debug|Any CPU
		{16461A87-43D2-44D3-8A21-0DC2AD126866}.Release|Any CPU.ActiveCfg = Release|Any CPU
		{16461A87-43D2-44D3-8A21-0DC2AD126866}.Release|Any CPU.Build.0 = Release|Any CPU
	EndGlobalSection
	GlobalSection(SolutionProperties) = preSolution
		HideSolutionNode = FALSE
	EndGlobalSection
	GlobalSection(ExtensibilityGlobals) = postSolution
		SolutionGuid = {A82B64F4-E848-4BFD-8D92-A1E11A659E39}
	EndGlobalSection
EndGlobal
