
Microsoft Visual Studio Solution File, Format Version 12.00
# Visual Studio Version 17
VisualStudioVersion = 17.6.33829.357
MinimumVisualStudioVersion = 10.0.40219.1
Project("{FAE04EC0-301F-11D3-BF4B-00C04F79EFBC}") = "CLRDemo1", "CLRDemo1.csproj", "{5F283FE1-CFDD-4F94-BD0A-28F2DA237FAE}"
EndProject
Global
	GlobalSection(SolutionConfigurationPlatforms) = preSolution
		Debug|Any CPU = Debug|Any CPU
		Release|Any CPU = Release|Any CPU
	EndGlobalSection
	GlobalSection(ProjectConfigurationPlatforms) = postSolution
		{5F283FE1-CFDD-4F94-BD0A-28F2DA237FAE}.Debug|Any CPU.ActiveCfg = Debug|Any CPU
		{5F283FE1-CFDD-4F94-BD0A-28F2DA237FAE}.Debug|Any CPU.Build.0 = Debug|Any CPU
		{5F283FE1-CFDD-4F94-BD0A-28F2DA237FAE}.Release|Any CPU.ActiveCfg = Release|Any CPU
		{5F283FE1-CFDD-4F94-BD0A-28F2DA237FAE}.Release|Any CPU.Build.0 = Release|Any CPU
	EndGlobalSection
	GlobalSection(SolutionProperties) = preSolution
		HideSolutionNode = FALSE
	EndGlobalSection
	GlobalSection(ExtensibilityGlobals) = postSolution
		SolutionGuid = {0A2CE603-AC00-4EFE-9036-E22FC705685A}
	EndGlobalSection
EndGlobal
